
Microsoft Visual Studio Solution File, Format Version 12.00
# Visual Studio Version 16
VisualStudioVersion = 16.0.30114.105
MinimumVisualStudioVersion = 10.0.40219.1
Project("{2150E333-8FDC-42A3-9474-1A3956D46DE8}") = "server", "server", "{F0EF9C10-91E8-44D3-8E76-F995C0F058F1}"
EndProject
Project("{FAE04EC0-301F-11D3-BF4B-00C04F79EFBC}") = "PipelinesWebApi", "server\PipelinesWebApi\PipelinesWebApi.csproj", "{5C8046D6-8C98-460E-A8D2-B7E23AA17886}"
EndProject
Project("{FAE04EC0-301F-11D3-BF4B-00C04F79EFBC}") = "PipelinesWebApi.Tests", "server\PipelinesWebApi.Tests\PipelinesWebApi.Tests.csproj", "{8724A278-0652-4C74-B673-8A213249636A}"
EndProject
Global
	GlobalSection(SolutionConfigurationPlatforms) = preSolution
		Debug|Any CPU = Debug|Any CPU
		Release|Any CPU = Release|Any CPU
	EndGlobalSection
	GlobalSection(SolutionProperties) = preSolution
		HideSolutionNode = FALSE
	EndGlobalSection
	GlobalSection(ProjectConfigurationPlatforms) = postSolution
		{5C8046D6-8C98-460E-A8D2-B7E23AA17886}.Debug|Any CPU.ActiveCfg = Debug|Any CPU
		{5C8046D6-8C98-460E-A8D2-B7E23AA17886}.Debug|Any CPU.Build.0 = Debug|Any CPU
		{5C8046D6-8C98-460E-A8D2-B7E23AA17886}.Release|Any CPU.ActiveCfg = Release|Any CPU
		{5C8046D6-8C98-460E-A8D2-B7E23AA17886}.Release|Any CPU.Build.0 = Release|Any CPU
		{8724A278-0652-4C74-B673-8A213249636A}.Debug|Any CPU.ActiveCfg = Debug|Any CPU
		{8724A278-0652-4C74-B673-8A213249636A}.Debug|Any CPU.Build.0 = Debug|Any CPU
		{8724A278-0652-4C74-B673-8A213249636A}.Release|Any CPU.ActiveCfg = Release|Any CPU
		{8724A278-0652-4C74-B673-8A213249636A}.Release|Any CPU.Build.0 = Release|Any CPU
	EndGlobalSection
	GlobalSection(NestedProjects) = preSolution
		{5C8046D6-8C98-460E-A8D2-B7E23AA17886} = {F0EF9C10-91E8-44D3-8E76-F995C0F058F1}
		{8724A278-0652-4C74-B673-8A213249636A} = {F0EF9C10-91E8-44D3-8E76-F995C0F058F1}
	EndGlobalSection
EndGlobal
